
Microsoft Visual Studio Solution File, Format Version 12.00
# Visual Studio Version 17
VisualStudioVersion = 17.5.33502.453
MinimumVisualStudioVersion = 10.0.40219.1
Project("{FAE04EC0-301F-11D3-BF4B-00C04F79EFBC}") = "projet_Fulbank", "projet_Fulbank\projet_Fulbank.csproj", "{CFFA3B20-F2AB-424F-BD36-A77651C32C69}"
EndProject
Project("{FAE04EC0-301F-11D3-BF4B-00C04F79EFBC}") = "APItest", "APItest\APItest.csproj", "{B060731C-3A92-4A57-B1B4-96854507F924}"
	ProjectSection(ProjectDependencies) = postProject
		{CFFA3B20-F2AB-424F-BD36-A77651C32C69} = {CFFA3B20-F2AB-424F-BD36-A77651C32C69}
	EndProjectSection
EndProject
Global
	GlobalSection(SolutionConfigurationPlatforms) = preSolution
		Debug|Any CPU = Debug|Any CPU
		Release|Any CPU = Release|Any CPU
	EndGlobalSection
	GlobalSection(ProjectConfigurationPlatforms) = postSolution
		{CFFA3B20-F2AB-424F-BD36-A77651C32C69}.Debug|Any CPU.ActiveCfg = Debug|Any CPU
		{CFFA3B20-F2AB-424F-BD36-A77651C32C69}.Debug|Any CPU.Build.0 = Debug|Any CPU
		{CFFA3B20-F2AB-424F-BD36-A77651C32C69}.Release|Any CPU.ActiveCfg = Release|Any CPU
		{CFFA3B20-F2AB-424F-BD36-A77651C32C69}.Release|Any CPU.Build.0 = Release|Any CPU
		{B060731C-3A92-4A57-B1B4-96854507F924}.Debug|Any CPU.ActiveCfg = Debug|Any CPU
		{B060731C-3A92-4A57-B1B4-96854507F924}.Debug|Any CPU.Build.0 = Debug|Any CPU
		{B060731C-3A92-4A57-B1B4-96854507F924}.Release|Any CPU.ActiveCfg = Release|Any CPU
		{B060731C-3A92-4A57-B1B4-96854507F924}.Release|Any CPU.Build.0 = Release|Any CPU
	EndGlobalSection
	GlobalSection(SolutionProperties) = preSolution
		HideSolutionNode = FALSE
	EndGlobalSection
	GlobalSection(ExtensibilityGlobals) = postSolution
		SolutionGuid = {BC9F282E-D5B0-4389-9F05-5F35F5A24B2D}
	EndGlobalSection
EndGlobal
